
Microsoft Visual Studio Solution File, Format Version 12.00
# Visual Studio Version 16
VisualStudioVersion = 16.0.30611.23
MinimumVisualStudioVersion = 10.0.40219.1
Project("{8BC9CEB8-8B4A-11D0-8D11-00A0C91BC942}") = "Practica1", "Practica1\Practica1.vcxproj", "{214E29EB-E321-4511-8A43-F74E92516AA2}"
EndProject
Project("{8BC9CEB8-8B4A-11D0-8D11-00A0C91BC942}") = "Pract2", "Pract2\Pract2.vcxproj", "{27B87BB2-D26F-44A1-A758-7F59D324E739}"
EndProject
Project("{8BC9CEB8-8B4A-11D0-8D11-00A0C91BC942}") = "Pract3", "Pract3\Pract3.vcxproj", "{1ED9308B-196C-41E1-935B-C6EA21147800}"
EndProject
Project("{8BC9CEB8-8B4A-11D0-8D11-00A0C91BC942}") = "Pract4", "Pract4\Pract4.vcxproj", "{83297C79-2E94-4673-BCAA-29B04EBEABB0}"
EndProject
Project("{8BC9CEB8-8B4A-11D0-8D11-00A0C91BC942}") = "Pract5", "Pract5\Pract5.vcxproj", "{293468FE-364F-413A-B336-84008D6AED7A}"
EndProject
Global
	GlobalSection(SolutionConfigurationPlatforms) = preSolution
		Debug|x64 = Debug|x64
		Debug|x86 = Debug|x86
		Release|x64 = Release|x64
		Release|x86 = Release|x86
	EndGlobalSection
	GlobalSection(ProjectConfigurationPlatforms) = postSolution
		{214E29EB-E321-4511-8A43-F74E92516AA2}.Debug|x64.ActiveCfg = Debug|x64
		{214E29EB-E321-4511-8A43-F74E92516AA2}.Debug|x64.Build.0 = Debug|x64
		{214E29EB-E321-4511-8A43-F74E92516AA2}.Debug|x86.ActiveCfg = Debug|Win32
		{214E29EB-E321-4511-8A43-F74E92516AA2}.Debug|x86.Build.0 = Debug|Win32
		{214E29EB-E321-4511-8A43-F74E92516AA2}.Release|x64.ActiveCfg = Release|x64
		{214E29EB-E321-4511-8A43-F74E92516AA2}.Release|x64.Build.0 = Release|x64
		{214E29EB-E321-4511-8A43-F74E92516AA2}.Release|x86.ActiveCfg = Release|Win32
		{214E29EB-E321-4511-8A43-F74E92516AA2}.Release|x86.Build.0 = Release|Win32
		{27B87BB2-D26F-44A1-A758-7F59D324E739}.Debug|x64.ActiveCfg = Debug|x64
		{27B87BB2-D26F-44A1-A758-7F59D324E739}.Debug|x64.Build.0 = Debug|x64
		{27B87BB2-D26F-44A1-A758-7F59D324E739}.Debug|x86.ActiveCfg = Debug|Win32
		{27B87BB2-D26F-44A1-A758-7F59D324E739}.Debug|x86.Build.0 = Debug|Win32
		{27B87BB2-D26F-44A1-A758-7F59D324E739}.Release|x64.ActiveCfg = Release|x64
		{27B87BB2-D26F-44A1-A758-7F59D324E739}.Release|x64.Build.0 = Release|x64
		{27B87BB2-D26F-44A1-A758-7F59D324E739}.Release|x86.ActiveCfg = Release|Win32
		{27B87BB2-D26F-44A1-A758-7F59D324E739}.Release|x86.Build.0 = Release|Win32
		{1ED9308B-196C-41E1-935B-C6EA21147800}.Debug|x64.ActiveCfg = Debug|x64
		{1ED9308B-196C-41E1-935B-C6EA21147800}.Debug|x64.Build.0 = Debug|x64
		{1ED9308B-196C-41E1-935B-C6EA21147800}.Debug|x86.ActiveCfg = Debug|Win32
		{1ED9308B-196C-41E1-935B-C6EA21147800}.Debug|x86.Build.0 = Debug|Win32
		{1ED9308B-196C-41E1-935B-C6EA21147800}.Release|x64.ActiveCfg = Release|x64
		{1ED9308B-196C-41E1-935B-C6EA21147800}.Release|x64.Build.0 = Release|x64
		{1ED9308B-196C-41E1-935B-C6EA21147800}.Release|x86.ActiveCfg = Release|Win32
		{1ED9308B-196C-41E1-935B-C6EA21147800}.Release|x86.Build.0 = Release|Win32
		{83297C79-2E94-4673-BCAA-29B04EBEABB0}.Debug|x64.ActiveCfg = Debug|x64
		{83297C79-2E94-4673-BCAA-29B04EBEABB0}.Debug|x64.Build.0 = Debug|x64
		{83297C79-2E94-4673-BCAA-29B04EBEABB0}.Debug|x86.ActiveCfg = Debug|Win32
		{83297C79-2E94-4673-BCAA-29B04EBEABB0}.Debug|x86.Build.0 = Debug|Win32
		{83297C79-2E94-4673-BCAA-29B04EBEABB0}.Release|x64.ActiveCfg = Release|x64
		{83297C79-2E94-4673-BCAA-29B04EBEABB0}.Release|x64.Build.0 = Release|x64
		{83297C79-2E94-4673-BCAA-29B04EBEABB0}.Release|x86.ActiveCfg = Release|Win32
		{83297C79-2E94-4673-BCAA-29B04EBEABB0}.Release|x86.Build.0 = Release|Win32
		{293468FE-364F-413A-B336-84008D6AED7A}.Debug|x64.ActiveCfg = Debug|x64
		{293468FE-364F-413A-B336-84008D6AED7A}.Debug|x64.Build.0 = Debug|x64
		{293468FE-364F-413A-B336-84008D6AED7A}.Debug|x86.ActiveCfg = Debug|Win32
		{293468FE-364F-413A-B336-84008D6AED7A}.Debug|x86.Build.0 = Debug|Win32
		{293468FE-364F-413A-B336-84008D6AED7A}.Release|x64.ActiveCfg = Release|x64
		{293468FE-364F-413A-B336-84008D6AED7A}.Release|x64.Build.0 = Release|x64
		{293468FE-364F-413A-B336-84008D6AED7A}.Release|x86.ActiveCfg = Release|Win32
		{293468FE-364F-413A-B336-84008D6AED7A}.Release|x86.Build.0 = Release|Win32
	EndGlobalSection
	GlobalSection(SolutionProperties) = preSolution
		HideSolutionNode = FALSE
	EndGlobalSection
	GlobalSection(ExtensibilityGlobals) = postSolution
		SolutionGuid = {2474AAE4-F47A-4303-90FC-DBC1C2166E02}
	EndGlobalSection
EndGlobal
